
Microsoft Visual Studio Solution File, Format Version 12.00
# Visual Studio Version 17
VisualStudioVersion = 17.13.35828.75 d17.13
MinimumVisualStudioVersion = 10.0.40219.1
Project("{FAE04EC0-301F-11D3-BF4B-00C04F79EFBC}") = "Winform_1", "Winform_1.csproj", "{0679CC36-1E39-4B5E-B8AA-52CFD40DCEBC}"
EndProject
Global
	GlobalSection(SolutionConfigurationPlatforms) = preSolution
		Debug|Any CPU = Debug|Any CPU
		Release|Any CPU = Release|Any CPU
	EndGlobalSection
	GlobalSection(ProjectConfigurationPlatforms) = postSolution
		{0679CC36-1E39-4B5E-B8AA-52CFD40DCEBC}.Debug|Any CPU.ActiveCfg = Debug|Any CPU
		{0679CC36-1E39-4B5E-B8AA-52CFD40DCEBC}.Debug|Any CPU.Build.0 = Debug|Any CPU
		{0679CC36-1E39-4B5E-B8AA-52CFD40DCEBC}.Release|Any CPU.ActiveCfg = Release|Any CPU
		{0679CC36-1E39-4B5E-B8AA-52CFD40DCEBC}.Release|Any CPU.Build.0 = Release|Any CPU
	EndGlobalSection
	GlobalSection(SolutionProperties) = preSolution
		HideSolutionNode = FALSE
	EndGlobalSection
	GlobalSection(ExtensibilityGlobals) = postSolution
		SolutionGuid = {B935A5F6-A029-43C2-86DB-DD9824D8CED6}
	EndGlobalSection
EndGlobal
