
Microsoft Visual Studio Solution File, Format Version 12.00
# Visual Studio Version 17
VisualStudioVersion = 17.13.35828.75 d17.13
MinimumVisualStudioVersion = 10.0.40219.1
Project("{FAE04EC0-301F-11D3-BF4B-00C04F79EFBC}") = "Task_15_Async_Await", "Task_15_Async_Await.csproj", "{DF3DDCF3-AAA5-480F-A179-9593E56DB9A6}"
EndProject
Global
	GlobalSection(SolutionConfigurationPlatforms) = preSolution
		Debug|Any CPU = Debug|Any CPU
		Release|Any CPU = Release|Any CPU
	EndGlobalSection
	GlobalSection(ProjectConfigurationPlatforms) = postSolution
		{DF3DDCF3-AAA5-480F-A179-9593E56DB9A6}.Debug|Any CPU.ActiveCfg = Debug|Any CPU
		{DF3DDCF3-AAA5-480F-A179-9593E56DB9A6}.Debug|Any CPU.Build.0 = Debug|Any CPU
		{DF3DDCF3-AAA5-480F-A179-9593E56DB9A6}.Release|Any CPU.ActiveCfg = Release|Any CPU
		{DF3DDCF3-AAA5-480F-A179-9593E56DB9A6}.Release|Any CPU.Build.0 = Release|Any CPU
	EndGlobalSection
	GlobalSection(SolutionProperties) = preSolution
		HideSolutionNode = FALSE
	EndGlobalSection
	GlobalSection(ExtensibilityGlobals) = postSolution
		SolutionGuid = {D2900720-CC9A-4B41-AE22-C4A7AE93166E}
	EndGlobalSection
EndGlobal
