
Microsoft Visual Studio Solution File, Format Version 12.00
# Visual Studio Version 17
VisualStudioVersion = 17.13.35828.75 d17.13
MinimumVisualStudioVersion = 10.0.40219.1
Project("{FAE04EC0-301F-11D3-BF4B-00C04F79EFBC}") = "Winform_6", "Winform_6.csproj", "{74786675-BC88-4633-B1D6-67DE5EED25DF}"
EndProject
Global
	GlobalSection(SolutionConfigurationPlatforms) = preSolution
		Debug|Any CPU = Debug|Any CPU
		Release|Any CPU = Release|Any CPU
	EndGlobalSection
	GlobalSection(ProjectConfigurationPlatforms) = postSolution
		{74786675-BC88-4633-B1D6-67DE5EED25DF}.Debug|Any CPU.ActiveCfg = Debug|Any CPU
		{74786675-BC88-4633-B1D6-67DE5EED25DF}.Debug|Any CPU.Build.0 = Debug|Any CPU
		{74786675-BC88-4633-B1D6-67DE5EED25DF}.Release|Any CPU.ActiveCfg = Release|Any CPU
		{74786675-BC88-4633-B1D6-67DE5EED25DF}.Release|Any CPU.Build.0 = Release|Any CPU
	EndGlobalSection
	GlobalSection(SolutionProperties) = preSolution
		HideSolutionNode = FALSE
	EndGlobalSection
	GlobalSection(ExtensibilityGlobals) = postSolution
		SolutionGuid = {21FF05DF-4CF6-44CA-84A5-133C5CFA2386}
	EndGlobalSection
EndGlobal
