
Microsoft Visual Studio Solution File, Format Version 12.00
# Visual Studio Version 17
VisualStudioVersion = 17.13.35828.75 d17.13
MinimumVisualStudioVersion = 10.0.40219.1
Project("{FAE04EC0-301F-11D3-BF4B-00C04F79EFBC}") = "Task10_Polymorphism", "Task10_Polymorphism.csproj", "{3F34B0B9-634A-4238-8770-008B0A0401A4}"
EndProject
Global
	GlobalSection(SolutionConfigurationPlatforms) = preSolution
		Debug|Any CPU = Debug|Any CPU
		Release|Any CPU = Release|Any CPU
	EndGlobalSection
	GlobalSection(ProjectConfigurationPlatforms) = postSolution
		{3F34B0B9-634A-4238-8770-008B0A0401A4}.Debug|Any CPU.ActiveCfg = Debug|Any CPU
		{3F34B0B9-634A-4238-8770-008B0A0401A4}.Debug|Any CPU.Build.0 = Debug|Any CPU
		{3F34B0B9-634A-4238-8770-008B0A0401A4}.Release|Any CPU.ActiveCfg = Release|Any CPU
		{3F34B0B9-634A-4238-8770-008B0A0401A4}.Release|Any CPU.Build.0 = Release|Any CPU
	EndGlobalSection
	GlobalSection(SolutionProperties) = preSolution
		HideSolutionNode = FALSE
	EndGlobalSection
	GlobalSection(ExtensibilityGlobals) = postSolution
		SolutionGuid = {C68804BE-4BC1-496B-B5FA-3BA9B86E2B73}
	EndGlobalSection
EndGlobal
