
Microsoft Visual Studio Solution File, Format Version 12.00
# Visual Studio Version 17
VisualStudioVersion = 17.13.35828.75 d17.13
MinimumVisualStudioVersion = 10.0.40219.1
Project("{FAE04EC0-301F-11D3-BF4B-00C04F79EFBC}") = "Winform_3", "Winform_3.csproj", "{1CEF3A63-3288-4B72-885E-0E916DDA7FC2}"
EndProject
Global
	GlobalSection(SolutionConfigurationPlatforms) = preSolution
		Debug|Any CPU = Debug|Any CPU
		Release|Any CPU = Release|Any CPU
	EndGlobalSection
	GlobalSection(ProjectConfigurationPlatforms) = postSolution
		{1CEF3A63-3288-4B72-885E-0E916DDA7FC2}.Debug|Any CPU.ActiveCfg = Debug|Any CPU
		{1CEF3A63-3288-4B72-885E-0E916DDA7FC2}.Debug|Any CPU.Build.0 = Debug|Any CPU
		{1CEF3A63-3288-4B72-885E-0E916DDA7FC2}.Release|Any CPU.ActiveCfg = Release|Any CPU
		{1CEF3A63-3288-4B72-885E-0E916DDA7FC2}.Release|Any CPU.Build.0 = Release|Any CPU
	EndGlobalSection
	GlobalSection(SolutionProperties) = preSolution
		HideSolutionNode = FALSE
	EndGlobalSection
	GlobalSection(ExtensibilityGlobals) = postSolution
		SolutionGuid = {92C285DB-5B11-4844-94F2-B0963697AF03}
	EndGlobalSection
EndGlobal
