
Microsoft Visual Studio Solution File, Format Version 12.00
# Visual Studio Version 17
VisualStudioVersion = 17.13.35828.75 d17.13
MinimumVisualStudioVersion = 10.0.40219.1
Project("{FAE04EC0-301F-11D3-BF4B-00C04F79EFBC}") = "Task9_Memory", "Task9_Memory.csproj", "{1811ADF3-E075-41A7-A700-47944F6D0600}"
EndProject
Global
	GlobalSection(SolutionConfigurationPlatforms) = preSolution
		Debug|Any CPU = Debug|Any CPU
		Release|Any CPU = Release|Any CPU
	EndGlobalSection
	GlobalSection(ProjectConfigurationPlatforms) = postSolution
		{1811ADF3-E075-41A7-A700-47944F6D0600}.Debug|Any CPU.ActiveCfg = Debug|Any CPU
		{1811ADF3-E075-41A7-A700-47944F6D0600}.Debug|Any CPU.Build.0 = Debug|Any CPU
		{1811ADF3-E075-41A7-A700-47944F6D0600}.Release|Any CPU.ActiveCfg = Release|Any CPU
		{1811ADF3-E075-41A7-A700-47944F6D0600}.Release|Any CPU.Build.0 = Release|Any CPU
	EndGlobalSection
	GlobalSection(SolutionProperties) = preSolution
		HideSolutionNode = FALSE
	EndGlobalSection
	GlobalSection(ExtensibilityGlobals) = postSolution
		SolutionGuid = {7380F3CB-7B06-40F7-ACD7-573B1A814B7B}
	EndGlobalSection
EndGlobal
