
Microsoft Visual Studio Solution File, Format Version 12.00
# Visual Studio Version 17
VisualStudioVersion = 17.13.35828.75 d17.13
MinimumVisualStudioVersion = 10.0.40219.1
Project("{FAE04EC0-301F-11D3-BF4B-00C04F79EFBC}") = "Task_12.1_Mutex", "Task_12.1_Mutex.csproj", "{9436A38E-EF19-40A0-A4A7-1C275B112978}"
EndProject
Global
	GlobalSection(SolutionConfigurationPlatforms) = preSolution
		Debug|Any CPU = Debug|Any CPU
		Release|Any CPU = Release|Any CPU
	EndGlobalSection
	GlobalSection(ProjectConfigurationPlatforms) = postSolution
		{9436A38E-EF19-40A0-A4A7-1C275B112978}.Debug|Any CPU.ActiveCfg = Debug|Any CPU
		{9436A38E-EF19-40A0-A4A7-1C275B112978}.Debug|Any CPU.Build.0 = Debug|Any CPU
		{9436A38E-EF19-40A0-A4A7-1C275B112978}.Release|Any CPU.ActiveCfg = Release|Any CPU
		{9436A38E-EF19-40A0-A4A7-1C275B112978}.Release|Any CPU.Build.0 = Release|Any CPU
	EndGlobalSection
	GlobalSection(SolutionProperties) = preSolution
		HideSolutionNode = FALSE
	EndGlobalSection
	GlobalSection(ExtensibilityGlobals) = postSolution
		SolutionGuid = {4FD7B9D1-55C0-4F8B-83A5-13ECD7EC2A9A}
	EndGlobalSection
EndGlobal
