
Microsoft Visual Studio Solution File, Format Version 12.00
# Visual Studio Version 17
VisualStudioVersion = 17.13.35828.75 d17.13
MinimumVisualStudioVersion = 10.0.40219.1
Project("{FAE04EC0-301F-11D3-BF4B-00C04F79EFBC}") = "Task_8_9_Redlection_Attributes", "Task_8_9_Redlection_Attributes.csproj", "{72879E81-D2D2-40D7-9521-326C4FD0FE00}"
EndProject
Project("{FAE04EC0-301F-11D3-BF4B-00C04F79EFBC}") = "TemperatureLibrary", "..\TemperatureConverter\TemperatureLibrary.csproj", "{A56E7554-B9C4-4E18-8C74-E231082448B8}"
EndProject
Global
	GlobalSection(SolutionConfigurationPlatforms) = preSolution
		Debug|Any CPU = Debug|Any CPU
		Release|Any CPU = Release|Any CPU
	EndGlobalSection
	GlobalSection(ProjectConfigurationPlatforms) = postSolution
		{72879E81-D2D2-40D7-9521-326C4FD0FE00}.Debug|Any CPU.ActiveCfg = Debug|Any CPU
		{72879E81-D2D2-40D7-9521-326C4FD0FE00}.Debug|Any CPU.Build.0 = Debug|Any CPU
		{72879E81-D2D2-40D7-9521-326C4FD0FE00}.Release|Any CPU.ActiveCfg = Release|Any CPU
		{72879E81-D2D2-40D7-9521-326C4FD0FE00}.Release|Any CPU.Build.0 = Release|Any CPU
		{A56E7554-B9C4-4E18-8C74-E231082448B8}.Debug|Any CPU.ActiveCfg = Debug|Any CPU
		{A56E7554-B9C4-4E18-8C74-E231082448B8}.Debug|Any CPU.Build.0 = Debug|Any CPU
		{A56E7554-B9C4-4E18-8C74-E231082448B8}.Release|Any CPU.ActiveCfg = Release|Any CPU
		{A56E7554-B9C4-4E18-8C74-E231082448B8}.Release|Any CPU.Build.0 = Release|Any CPU
	EndGlobalSection
	GlobalSection(SolutionProperties) = preSolution
		HideSolutionNode = FALSE
	EndGlobalSection
	GlobalSection(ExtensibilityGlobals) = postSolution
		SolutionGuid = {E9ED8806-02A6-4379-8706-40182FD801DF}
	EndGlobalSection
EndGlobal
